
Microsoft Visual Studio Solution File, Format Version 12.00
# Visual Studio Version 16
VisualStudioVersion = 16.0.29613.14
MinimumVisualStudioVersion = 10.0.40219.1
Project("{FAE04EC0-301F-11D3-BF4B-00C04F79EFBC}") = "ISRPO_Cherednichenko_PR11", "ISRPO_Cherednichenko_PR11.csproj", "{63861FA3-B902-4788-803E-24541C0A8BE5}"
EndProject
Global
	GlobalSection(SolutionConfigurationPlatforms) = preSolution
		Debug|Any CPU = Debug|Any CPU
		Release|Any CPU = Release|Any CPU
	EndGlobalSection
	GlobalSection(ProjectConfigurationPlatforms) = postSolution
		{63861FA3-B902-4788-803E-24541C0A8BE5}.Debug|Any CPU.ActiveCfg = Debug|Any CPU
		{63861FA3-B902-4788-803E-24541C0A8BE5}.Debug|Any CPU.Build.0 = Debug|Any CPU
		{63861FA3-B902-4788-803E-24541C0A8BE5}.Release|Any CPU.ActiveCfg = Release|Any CPU
		{63861FA3-B902-4788-803E-24541C0A8BE5}.Release|Any CPU.Build.0 = Release|Any CPU
	EndGlobalSection
	GlobalSection(SolutionProperties) = preSolution
		HideSolutionNode = FALSE
	EndGlobalSection
	GlobalSection(ExtensibilityGlobals) = postSolution
		SolutionGuid = {A20DCC47-F4E8-427A-837F-DDCCB0930414}
	EndGlobalSection
EndGlobal
